
Microsoft Visual Studio Solution File, Format Version 12.00
# Visual Studio Version 17
VisualStudioVersion = 17.0.32014.148
MinimumVisualStudioVersion = 10.0.40219.1
Project("{FAE04EC0-301F-11D3-BF4B-00C04F79EFBC}") = "FileIo", "Fileio\FileIo.csproj", "{516A3C04-4C60-4246-B2FF-0BCA8C493730}"
EndProject
Project("{FAE04EC0-301F-11D3-BF4B-00C04F79EFBC}") = "SerializationDemo", "SerializationDemo1\SerializationDemo.csproj", "{56DC56CD-6A80-4FC5-90EA-CA64FA37EB83}"
EndProject
Global
	GlobalSection(SolutionConfigurationPlatforms) = preSolution
		Debug|Any CPU = Debug|Any CPU
		Release|Any CPU = Release|Any CPU
	EndGlobalSection
	GlobalSection(ProjectConfigurationPlatforms) = postSolution
		{516A3C04-4C60-4246-B2FF-0BCA8C493730}.Debug|Any CPU.ActiveCfg = Debug|Any CPU
		{516A3C04-4C60-4246-B2FF-0BCA8C493730}.Debug|Any CPU.Build.0 = Debug|Any CPU
		{516A3C04-4C60-4246-B2FF-0BCA8C493730}.Release|Any CPU.ActiveCfg = Release|Any CPU
		{516A3C04-4C60-4246-B2FF-0BCA8C493730}.Release|Any CPU.Build.0 = Release|Any CPU
		{56DC56CD-6A80-4FC5-90EA-CA64FA37EB83}.Debug|Any CPU.ActiveCfg = Debug|Any CPU
		{56DC56CD-6A80-4FC5-90EA-CA64FA37EB83}.Debug|Any CPU.Build.0 = Debug|Any CPU
		{56DC56CD-6A80-4FC5-90EA-CA64FA37EB83}.Release|Any CPU.ActiveCfg = Release|Any CPU
		{56DC56CD-6A80-4FC5-90EA-CA64FA37EB83}.Release|Any CPU.Build.0 = Release|Any CPU
	EndGlobalSection
	GlobalSection(SolutionProperties) = preSolution
		HideSolutionNode = FALSE
	EndGlobalSection
	GlobalSection(ExtensibilityGlobals) = postSolution
		SolutionGuid = {05A131CB-7A14-4D4A-AA42-AB0184403C8C}
	EndGlobalSection
EndGlobal
